
Microsoft Visual Studio Solution File, Format Version 12.00
# Visual Studio Version 17
VisualStudioVersion = 17.1.32210.238
MinimumVisualStudioVersion = 10.0.40219.1
Project("{FAE04EC0-301F-11D3-BF4B-00C04F79EFBC}") = "devopsProject", "devopsProject\devopsProject.csproj", "{5310CA5B-00B0-4040-90CB-BC8998F41CAD}"
EndProject
Global
	GlobalSection(SolutionConfigurationPlatforms) = preSolution
		Debug|Any CPU = Debug|Any CPU
		Release|Any CPU = Release|Any CPU
	EndGlobalSection
	GlobalSection(ProjectConfigurationPlatforms) = postSolution
		{5310CA5B-00B0-4040-90CB-BC8998F41CAD}.Debug|Any CPU.ActiveCfg = Debug|Any CPU
		{5310CA5B-00B0-4040-90CB-BC8998F41CAD}.Debug|Any CPU.Build.0 = Debug|Any CPU
		{5310CA5B-00B0-4040-90CB-BC8998F41CAD}.Release|Any CPU.ActiveCfg = Release|Any CPU
		{5310CA5B-00B0-4040-90CB-BC8998F41CAD}.Release|Any CPU.Build.0 = Release|Any CPU
	EndGlobalSection
	GlobalSection(SolutionProperties) = preSolution
		HideSolutionNode = FALSE
	EndGlobalSection
	GlobalSection(ExtensibilityGlobals) = postSolution
		SolutionGuid = {C26B9C79-4583-41AB-B31A-BA012E45A0A3}
	EndGlobalSection
EndGlobal
